
Microsoft Visual Studio Solution File, Format Version 12.00
# Visual Studio Version 17
VisualStudioVersion = 17.12.35707.178
MinimumVisualStudioVersion = 10.0.40219.1
Project("{FAE04EC0-301F-11D3-BF4B-00C04F79EFBC}") = "TollCents.Api", "TollCents.Api\TollCents.Api.csproj", "{DD092330-DB9D-4D21-8E36-ED8A5A426C3D}"
EndProject
Project("{FAE04EC0-301F-11D3-BF4B-00C04F79EFBC}") = "TollCents.Core", "TollCents.Core\TollCents.Core.csproj", "{FF137E64-9F1F-4868-9E8F-BDE2F7D13F11}"
EndProject
Global
	GlobalSection(SolutionConfigurationPlatforms) = preSolution
		Debug|Any CPU = Debug|Any CPU
		Release|Any CPU = Release|Any CPU
	EndGlobalSection
	GlobalSection(ProjectConfigurationPlatforms) = postSolution
		{DD092330-DB9D-4D21-8E36-ED8A5A426C3D}.Debug|Any CPU.ActiveCfg = Debug|Any CPU
		{DD092330-DB9D-4D21-8E36-ED8A5A426C3D}.Debug|Any CPU.Build.0 = Debug|Any CPU
		{DD092330-DB9D-4D21-8E36-ED8A5A426C3D}.Release|Any CPU.ActiveCfg = Release|Any CPU
		{DD092330-DB9D-4D21-8E36-ED8A5A426C3D}.Release|Any CPU.Build.0 = Release|Any CPU
		{FF137E64-9F1F-4868-9E8F-BDE2F7D13F11}.Debug|Any CPU.ActiveCfg = Debug|Any CPU
		{FF137E64-9F1F-4868-9E8F-BDE2F7D13F11}.Debug|Any CPU.Build.0 = Debug|Any CPU
		{FF137E64-9F1F-4868-9E8F-BDE2F7D13F11}.Release|Any CPU.ActiveCfg = Release|Any CPU
		{FF137E64-9F1F-4868-9E8F-BDE2F7D13F11}.Release|Any CPU.Build.0 = Release|Any CPU
	EndGlobalSection
	GlobalSection(SolutionProperties) = preSolution
		HideSolutionNode = FALSE
	EndGlobalSection
EndGlobal
