
Microsoft Visual Studio Solution File, Format Version 12.00
# Visual Studio Version 17
VisualStudioVersion = 17.12.35707.178
MinimumVisualStudioVersion = 10.0.40219.1
Project("{FAE04EC0-301F-11D3-BF4B-00C04F79EFBC}") = "TollCents.Api", "TollCents.Api\TollCents.Api.csproj", "{DD092330-DB9D-4D21-8E36-ED8A5A426C3D}"
EndProject
Project("{FAE04EC0-301F-11D3-BF4B-00C04F79EFBC}") = "TollCents.Core", "TollCents.Core\TollCents.Core.csproj", "{FF137E64-9F1F-4868-9E8F-BDE2F7D13F11}"
EndProject
Project("{FAE04EC0-301F-11D3-BF4B-00C04F79EFBC}") = "TEXpressWebScraper", "TEXpressWebScraper\TEXpressWebScraper.csproj", "{A1FC724A-AEB2-4FE9-B8F9-D0740140F2DB}"
EndProject
Project("{2150E333-8FDC-42A3-9474-1A3956D46DE8}") = "Infrastructure", "Infrastructure", "{02EA681E-C7D8-13C7-8484-4AC65E1B71E8}"
	ProjectSection(SolutionItems) = preProject
		Infrastructure\build-deploy.ps1 = Infrastructure\build-deploy.ps1
		Infrastructure\README.txt = Infrastructure\README.txt
	EndProjectSection
EndProject
Project("{FAE04EC0-301F-11D3-BF4B-00C04F79EFBC}") = "DataAnalyzer", "DataAnalyzer\DataAnalyzer.csproj", "{B8A3CE79-5236-4048-BDC1-016B314096DC}"
EndProject
Global
	GlobalSection(SolutionConfigurationPlatforms) = preSolution
		Debug|Any CPU = Debug|Any CPU
		Release|Any CPU = Release|Any CPU
	EndGlobalSection
	GlobalSection(ProjectConfigurationPlatforms) = postSolution
		{DD092330-DB9D-4D21-8E36-ED8A5A426C3D}.Debug|Any CPU.ActiveCfg = Debug|Any CPU
		{DD092330-DB9D-4D21-8E36-ED8A5A426C3D}.Debug|Any CPU.Build.0 = Debug|Any CPU
		{DD092330-DB9D-4D21-8E36-ED8A5A426C3D}.Release|Any CPU.ActiveCfg = Release|Any CPU
		{DD092330-DB9D-4D21-8E36-ED8A5A426C3D}.Release|Any CPU.Build.0 = Release|Any CPU
		{FF137E64-9F1F-4868-9E8F-BDE2F7D13F11}.Debug|Any CPU.ActiveCfg = Debug|Any CPU
		{FF137E64-9F1F-4868-9E8F-BDE2F7D13F11}.Debug|Any CPU.Build.0 = Debug|Any CPU
		{FF137E64-9F1F-4868-9E8F-BDE2F7D13F11}.Release|Any CPU.ActiveCfg = Release|Any CPU
		{FF137E64-9F1F-4868-9E8F-BDE2F7D13F11}.Release|Any CPU.Build.0 = Release|Any CPU
		{A1FC724A-AEB2-4FE9-B8F9-D0740140F2DB}.Debug|Any CPU.ActiveCfg = Debug|Any CPU
		{A1FC724A-AEB2-4FE9-B8F9-D0740140F2DB}.Debug|Any CPU.Build.0 = Debug|Any CPU
		{A1FC724A-AEB2-4FE9-B8F9-D0740140F2DB}.Release|Any CPU.ActiveCfg = Release|Any CPU
		{A1FC724A-AEB2-4FE9-B8F9-D0740140F2DB}.Release|Any CPU.Build.0 = Release|Any CPU
		{B8A3CE79-5236-4048-BDC1-016B314096DC}.Debug|Any CPU.ActiveCfg = Debug|Any CPU
		{B8A3CE79-5236-4048-BDC1-016B314096DC}.Debug|Any CPU.Build.0 = Debug|Any CPU
		{B8A3CE79-5236-4048-BDC1-016B314096DC}.Release|Any CPU.ActiveCfg = Release|Any CPU
		{B8A3CE79-5236-4048-BDC1-016B314096DC}.Release|Any CPU.Build.0 = Release|Any CPU
	EndGlobalSection
	GlobalSection(SolutionProperties) = preSolution
		HideSolutionNode = FALSE
	EndGlobalSection
	GlobalSection(ExtensibilityGlobals) = postSolution
		SolutionGuid = {062065AF-3F55-4A19-843E-D18695E400A7}
	EndGlobalSection
EndGlobal
